// !$*UTF8*$!
{
	archiveVersion = 1;
	classes = {
	};
	objectVersion = 50;
	objects = {

/* Begin PBXBuildFile section */
		9018F7D422D72ED7001F869F /* AppDelegate.swift in Sources */ = {isa = PBXBuildFile; fileRef = 9018F7D322D72ED7001F869F /* AppDelegate.swift */; };
		9018F7D622D72ED7001F869F /* SceneDelegate.swift in Sources */ = {isa = PBXBuildFile; fileRef = 9018F7D522D72ED7001F869F /* SceneDelegate.swift */; };
		9018F7D822D72ED7001F869F /* RootView.swift in Sources */ = {isa = PBXBuildFile; fileRef = 9018F7D722D72ED7001F869F /* RootView.swift */; };
		9018F7DA22D72ED9001F869F /* Assets.xcassets in Resources */ = {isa = PBXBuildFile; fileRef = 9018F7D922D72ED9001F869F /* Assets.xcassets */; };
		9018F7DD22D72ED9001F869F /* Preview Assets.xcassets in Resources */ = {isa = PBXBuildFile; fileRef = 9018F7DC22D72ED9001F869F /* Preview Assets.xcassets */; };
		9018F7E022D72ED9001F869F /* LaunchScreen.storyboard in Resources */ = {isa = PBXBuildFile; fileRef = 9018F7DE22D72ED9001F869F /* LaunchScreen.storyboard */; };
		9018F7E922D73B42001F869F /* Color.swift in Sources */ = {isa = PBXBuildFile; fileRef = 9018F7E822D73B42001F869F /* Color.swift */; };
		9018F7EB22D73D28001F869F /* Image.swift in Sources */ = {isa = PBXBuildFile; fileRef = 9018F7EA22D73D28001F869F /* Image.swift */; };
		9018F7ED22D772EE001F869F /* CertificateView.swift in Sources */ = {isa = PBXBuildFile; fileRef = 9018F7EC22D772EE001F869F /* CertificateView.swift */; };
		9018F7EF22D77339001F869F /* CardView.swift in Sources */ = {isa = PBXBuildFile; fileRef = 9018F7EE22D77339001F869F /* CardView.swift */; };
		9018F7F122D77AF0001F869F /* TitleView.swift in Sources */ = {isa = PBXBuildFile; fileRef = 9018F7F022D77AF0001F869F /* TitleView.swift */; };
		9018F7F322D77B27001F869F /* CardBottomView.swift in Sources */ = {isa = PBXBuildFile; fileRef = 9018F7F222D77B27001F869F /* CardBottomView.swift */; };
		9018F7F822D77C74001F869F /* CertificatesView.swift in Sources */ = {isa = PBXBuildFile; fileRef = 9018F7F722D77C74001F869F /* CertificatesView.swift */; };
/* End PBXBuildFile section */

/* Begin PBXFileReference section */
		9018F7D022D72ED7001F869F /* UIDesignDemo.app */ = {isa = PBXFileReference; explicitFileType = wrapper.application; includeInIndex = 0; path = UIDesignDemo.app; sourceTree = BUILT_PRODUCTS_DIR; };
		9018F7D322D72ED7001F869F /* AppDelegate.swift */ = {isa = PBXFileReference; lastKnownFileType = sourcecode.swift; path = AppDelegate.swift; sourceTree = "<group>"; };
		9018F7D522D72ED7001F869F /* SceneDelegate.swift */ = {isa = PBXFileReference; lastKnownFileType = sourcecode.swift; path = SceneDelegate.swift; sourceTree = "<group>"; };
		9018F7D722D72ED7001F869F /* RootView.swift */ = {isa = PBXFileReference; lastKnownFileType = sourcecode.swift; path = RootView.swift; sourceTree = "<group>"; };
		9018F7D922D72ED9001F869F /* Assets.xcassets */ = {isa = PBXFileReference; lastKnownFileType = folder.assetcatalog; path = Assets.xcassets; sourceTree = "<group>"; };
		9018F7DC22D72ED9001F869F /* Preview Assets.xcassets */ = {isa = PBXFileReference; lastKnownFileType = folder.assetcatalog; path = "Preview Assets.xcassets"; sourceTree = "<group>"; };
		9018F7DF22D72ED9001F869F /* Base */ = {isa = PBXFileReference; lastKnownFileType = file.storyboard; name = Base; path = Base.lproj/LaunchScreen.storyboard; sourceTree = "<group>"; };
		9018F7E122D72ED9001F869F /* Info.plist */ = {isa = PBXFileReference; lastKnownFileType = text.plist.xml; path = Info.plist; sourceTree = "<group>"; };
		9018F7E822D73B42001F869F /* Color.swift */ = {isa = PBXFileReference; lastKnownFileType = sourcecode.swift; path = Color.swift; sourceTree = "<group>"; };
		9018F7EA22D73D28001F869F /* Image.swift */ = {isa = PBXFileReference; lastKnownFileType = sourcecode.swift; path = Image.swift; sourceTree = "<group>"; };
		9018F7EC22D772EE001F869F /* CertificateView.swift */ = {isa = PBXFileReference; lastKnownFileType = sourcecode.swift; path = CertificateView.swift; sourceTree = "<group>"; };
		9018F7EE22D77339001F869F /* CardView.swift */ = {isa = PBXFileReference; lastKnownFileType = sourcecode.swift; path = CardView.swift; sourceTree = "<group>"; };
		9018F7F022D77AF0001F869F /* TitleView.swift */ = {isa = PBXFileReference; lastKnownFileType = sourcecode.swift; path = TitleView.swift; sourceTree = "<group>"; };
		9018F7F222D77B27001F869F /* CardBottomView.swift */ = {isa = PBXFileReference; lastKnownFileType = sourcecode.swift; path = CardBottomView.swift; sourceTree = "<group>"; };
		9018F7F722D77C74001F869F /* CertificatesView.swift */ = {isa = PBXFileReference; lastKnownFileType = sourcecode.swift; path = CertificatesView.swift; sourceTree = "<group>"; };
/* End PBXFileReference section */

/* Begin PBXFrameworksBuildPhase section */
		9018F7CD22D72ED7001F869F /* Frameworks */ = {
			isa = PBXFrameworksBuildPhase;
			buildActionMask = 2147483647;
			files = (
			);
			runOnlyForDeploymentPostprocessing = 0;
		};
/* End PBXFrameworksBuildPhase section */

/* Begin PBXGroup section */
		9018F7C722D72ED7001F869F = {
			isa = PBXGroup;
			children = (
				9018F7D222D72ED7001F869F /* UIDesignDemo */,
				9018F7D122D72ED7001F869F /* Products */,
			);
			sourceTree = "<group>";
		};
		9018F7D122D72ED7001F869F /* Products */ = {
			isa = PBXGroup;
			children = (
				9018F7D022D72ED7001F869F /* UIDesignDemo.app */,
			);
			name = Products;
			sourceTree = "<group>";
		};
		9018F7D222D72ED7001F869F /* UIDesignDemo */ = {
			isa = PBXGroup;
			children = (
				9018F7E722D73B1A001F869F /* Core */,
				9018F7F422D77C12001F869F /* Launch */,
				9018F7F622D77C3C001F869F /* Certificates */,
				9018F7D922D72ED9001F869F /* Assets.xcassets */,
				9018F7DE22D72ED9001F869F /* LaunchScreen.storyboard */,
				9018F7E122D72ED9001F869F /* Info.plist */,
				9018F7DB22D72ED9001F869F /* Preview Content */,
			);
			path = UIDesignDemo;
			sourceTree = "<group>";
		};
		9018F7DB22D72ED9001F869F /* Preview Content */ = {
			isa = PBXGroup;
			children = (
				9018F7DC22D72ED9001F869F /* Preview Assets.xcassets */,
			);
			path = "Preview Content";
			sourceTree = "<group>";
		};
		9018F7E722D73B1A001F869F /* Core */ = {
			isa = PBXGroup;
			children = (
				9018F7E822D73B42001F869F /* Color.swift */,
				9018F7EA22D73D28001F869F /* Image.swift */,
			);
			path = Core;
			sourceTree = "<group>";
		};
		9018F7F422D77C12001F869F /* Launch */ = {
			isa = PBXGroup;
			children = (
				9018F7D322D72ED7001F869F /* AppDelegate.swift */,
				9018F7D522D72ED7001F869F /* SceneDelegate.swift */,
				9018F7D722D72ED7001F869F /* RootView.swift */,
			);
			path = Launch;
			sourceTree = "<group>";
		};
		9018F7F622D77C3C001F869F /* Certificates */ = {
			isa = PBXGroup;
			children = (
				9018F7F722D77C74001F869F /* CertificatesView.swift */,
				9018F7F022D77AF0001F869F /* TitleView.swift */,
				9018F7F222D77B27001F869F /* CardBottomView.swift */,
				9018F7EC22D772EE001F869F /* CertificateView.swift */,
				9018F7EE22D77339001F869F /* CardView.swift */,
			);
			path = Certificates;
			sourceTree = "<group>";
		};
/* End PBXGroup section */

/* Begin PBXNativeTarget section */
		9018F7CF22D72ED7001F869F /* UIDesignDemo */ = {
			isa = PBXNativeTarget;
			buildConfigurationList = 9018F7E422D72ED9001F869F /* Build configuration list for PBXNativeTarget "UIDesignDemo" */;
			buildPhases = (
				9018F7CC22D72ED7001F869F /* Sources */,
				9018F7CD22D72ED7001F869F /* Frameworks */,
				9018F7CE22D72ED7001F869F /* Resources */,
			);
			buildRules = (
			);
			dependencies = (
			);
			name = UIDesignDemo;
			productName = UIDesignDemo;
			productReference = 9018F7D022D72ED7001F869F /* UIDesignDemo.app */;
			productType = "com.apple.product-type.application";
		};
/* End PBXNativeTarget section */

/* Begin PBXProject section */
		9018F7C822D72ED7001F869F /* Project object */ = {
			isa = PBXProject;
			attributes = {
				LastSwiftUpdateCheck = 1100;
				LastUpgradeCheck = 1100;
				ORGANIZATIONNAME = why;
				TargetAttributes = {
					9018F7CF22D72ED7001F869F = {
						CreatedOnToolsVersion = 11.0;
					};
				};
			};
			buildConfigurationList = 9018F7CB22D72ED7001F869F /* Build configuration list for PBXProject "UIDesignDemo" */;
			compatibilityVersion = "Xcode 9.3";
			developmentRegion = en;
			hasScannedForEncodings = 0;
			knownRegions = (
				en,
				Base,
			);
			mainGroup = 9018F7C722D72ED7001F869F;
			productRefGroup = 9018F7D122D72ED7001F869F /* Products */;
			projectDirPath = "";
			projectRoot = "";
			targets = (
				9018F7CF22D72ED7001F869F /* UIDesignDemo */,
			);
		};
/* End PBXProject section */

/* Begin PBXResourcesBuildPhase section */
		9018F7CE22D72ED7001F869F /* Resources */ = {
			isa = PBXResourcesBuildPhase;
			buildActionMask = 2147483647;
			files = (
				9018F7E022D72ED9001F869F /* LaunchScreen.storyboard in Resources */,
				9018F7DD22D72ED9001F869F /* Preview Assets.xcassets in Resources */,
				9018F7DA22D72ED9001F869F /* Assets.xcassets in Resources */,
			);
			runOnlyForDeploymentPostprocessing = 0;
		};
/* End PBXResourcesBuildPhase section */

/* Begin PBXSourcesBuildPhase section */
		9018F7CC22D72ED7001F869F /* Sources */ = {
			isa = PBXSourcesBuildPhase;
			buildActionMask = 2147483647;
			files = (
				9018F7EF22D77339001F869F /* CardView.swift in Sources */,
				9018F7D422D72ED7001F869F /* AppDelegate.swift in Sources */,
				9018F7F322D77B27001F869F /* CardBottomView.swift in Sources */,
				9018F7E922D73B42001F869F /* Color.swift in Sources */,
				9018F7ED22D772EE001F869F /* CertificateView.swift in Sources */,
				9018F7D622D72ED7001F869F /* SceneDelegate.swift in Sources */,
				9018F7D822D72ED7001F869F /* RootView.swift in Sources */,
				9018F7EB22D73D28001F869F /* Image.swift in Sources */,
				9018F7F822D77C74001F869F /* CertificatesView.swift in Sources */,
				9018F7F122D77AF0001F869F /* TitleView.swift in Sources */,
			);
			runOnlyForDeploymentPostprocessing = 0;
		};
/* End PBXSourcesBuildPhase section */

/* Begin PBXVariantGroup section */
		9018F7DE22D72ED9001F869F /* LaunchScreen.storyboard */ = {
			isa = PBXVariantGroup;
			children = (
				9018F7DF22D72ED9001F869F /* Base */,
			);
			name = LaunchScreen.storyboard;
			sourceTree = "<group>";
		};
/* End PBXVariantGroup section */

/* Begin XCBuildConfiguration section */
		9018F7E222D72ED9001F869F /* Debug */ = {
			isa = XCBuildConfiguration;
			buildSettings = {
				ALWAYS_SEARCH_USER_PATHS = NO;
				CLANG_ANALYZER_NONNULL = YES;
				CLANG_ANALYZER_NUMBER_OBJECT_CONVERSION = YES_AGGRESSIVE;
				CLANG_CXX_LANGUAGE_STANDARD = "gnu++14";
				CLANG_CXX_LIBRARY = "libc++";
				CLANG_ENABLE_MODULES = YES;
				CLANG_ENABLE_OBJC_ARC = YES;
				CLANG_ENABLE_OBJC_WEAK = YES;
				CLANG_WARN_BLOCK_CAPTURE_AUTORELEASING = YES;
				CLANG_WARN_BOOL_CONVERSION = YES;
				CLANG_WARN_COMMA = YES;
				CLANG_WARN_CONSTANT_CONVERSION = YES;
				CLANG_WARN_DEPRECATED_OBJC_IMPLEMENTATIONS = YES;
				CLANG_WARN_DIRECT_OBJC_ISA_USAGE = YES_ERROR;
				CLANG_WARN_DOCUMENTATION_COMMENTS = YES;
				CLANG_WARN_EMPTY_BODY = YES;
				CLANG_WARN_ENUM_CONVERSION = YES;
				CLANG_WARN_INFINITE_RECURSION = YES;
				CLANG_WARN_INT_CONVERSION = YES;
				CLANG_WARN_NON_LITERAL_NULL_CONVERSION = YES;
				CLANG_WARN_OBJC_IMPLICIT_RETAIN_SELF = YES;
				CLANG_WARN_OBJC_LITERAL_CONVERSION = YES;
				CLANG_WARN_OBJC_ROOT_CLASS = YES_ERROR;
				CLANG_WARN_RANGE_LOOP_ANALYSIS = YES;
				CLANG_WARN_STRICT_PROTOTYPES = YES;
				CLANG_WARN_SUSPICIOUS_MOVE = YES;
				CLANG_WARN_UNGUARDED_AVAILABILITY = YES_AGGRESSIVE;
				CLANG_WARN_UNREACHABLE_CODE = YES;
				CLANG_WARN__DUPLICATE_METHOD_MATCH = YES;
				COPY_PHASE_STRIP = NO;
				DEBUG_INFORMATION_FORMAT = dwarf;
				ENABLE_STRICT_OBJC_MSGSEND = YES;
				ENABLE_TESTABILITY = YES;
				GCC_C_LANGUAGE_STANDARD = gnu11;
				GCC_DYNAMIC_NO_PIC = NO;
				GCC_NO_COMMON_BLOCKS = YES;
				GCC_OPTIMIZATION_LEVEL = 0;
				GCC_PREPROCESSOR_DEFINITIONS = (
					"DEBUG=1",
					"$(inherited)",
				);
				GCC_WARN_64_TO_32_BIT_CONVERSION = YES;
				GCC_WARN_ABOUT_RETURN_TYPE = YES_ERROR;
				GCC_WARN_UNDECLARED_SELECTOR = YES;
				GCC_WARN_UNINITIALIZED_AUTOS = YES_AGGRESSIVE;
				GCC_WARN_UNUSED_FUNCTION = YES;
				GCC_WARN_UNUSED_VARIABLE = YES;
				IPHONEOS_DEPLOYMENT_TARGET = 13.0;
				MTL_ENABLE_DEBUG_INFO = INCLUDE_SOURCE;
				MTL_FAST_MATH = YES;
				ONLY_ACTIVE_ARCH = YES;
				SDKROOT = iphoneos;
				SWIFT_ACTIVE_COMPILATION_CONDITIONS = DEBUG;
				SWIFT_OPTIMIZATION_LEVEL = "-Onone";
			};
			name = Debug;
		};
		9018F7E322D72ED9001F869F /* Release */ = {
			isa = XCBuildConfiguration;
			buildSettings = {
				ALWAYS_SEARCH_USER_PATHS = NO;
				CLANG_ANALYZER_NONNULL = YES;
				CLANG_ANALYZER_NUMBER_OBJECT_CONVERSION = YES_AGGRESSIVE;
				CLANG_CXX_LANGUAGE_STANDARD = "gnu++14";
				CLANG_CXX_LIBRARY = "libc++";
				CLANG_ENABLE_MODULES = YES;
				CLANG_ENABLE_OBJC_ARC = YES;
				CLANG_ENABLE_OBJC_WEAK = YES;
				CLANG_WARN_BLOCK_CAPTURE_AUTORELEASING = YES;
				CLANG_WARN_BOOL_CONVERSION = YES;
				CLANG_WARN_COMMA = YES;
				CLANG_WARN_CONSTANT_CONVERSION = YES;
				CLANG_WARN_DEPRECATED_OBJC_IMPLEMENTATIONS = YES;
				CLANG_WARN_DIRECT_OBJC_ISA_USAGE = YES_ERROR;
				CLANG_WARN_DOCUMENTATION_COMMENTS = YES;
				CLANG_WARN_EMPTY_BODY = YES;
				CLANG_WARN_ENUM_CONVERSION = YES;
				CLANG_WARN_INFINITE_RECURSION = YES;
				CLANG_WARN_INT_CONVERSION = YES;
				CLANG_WARN_NON_LITERAL_NULL_CONVERSION = YES;
				CLANG_WARN_OBJC_IMPLICIT_RETAIN_SELF = YES;
				CLANG_WARN_OBJC_LITERAL_CONVERSION = YES;
				CLANG_WARN_OBJC_ROOT_CLASS = YES_ERROR;
				CLANG_WARN_RANGE_LOOP_ANALYSIS = YES;
				CLANG_WARN_STRICT_PROTOTYPES = YES;
				CLANG_WARN_SUSPICIOUS_MOVE = YES;
				CLANG_WARN_UNGUARDED_AVAILABILITY = YES_AGGRESSIVE;
				CLANG_WARN_UNREACHABLE_CODE = YES;
				CLANG_WARN__DUPLICATE_METHOD_MATCH = YES;
				COPY_PHASE_STRIP = NO;
				DEBUG_INFORMATION_FORMAT = "dwarf-with-dsym";
				ENABLE_NS_ASSERTIONS = NO;
				ENABLE_STRICT_OBJC_MSGSEND = YES;
				GCC_C_LANGUAGE_STANDARD = gnu11;
				GCC_NO_COMMON_BLOCKS = YES;
				GCC_WARN_64_TO_32_BIT_CONVERSION = YES;
				GCC_WARN_ABOUT_RETURN_TYPE = YES_ERROR;
				GCC_WARN_UNDECLARED_SELECTOR = YES;
				GCC_WARN_UNINITIALIZED_AUTOS = YES_AGGRESSIVE;
				GCC_WARN_UNUSED_FUNCTION = YES;
				GCC_WARN_UNUSED_VARIABLE = YES;
				IPHONEOS_DEPLOYMENT_TARGET = 13.0;
				MTL_ENABLE_DEBUG_INFO = NO;
				MTL_FAST_MATH = YES;
				SDKROOT = iphoneos;
				SWIFT_COMPILATION_MODE = wholemodule;
				SWIFT_OPTIMIZATION_LEVEL = "-O";
				VALIDATE_PRODUCT = YES;
			};
			name = Release;
		};
		9018F7E522D72ED9001F869F /* Debug */ = {
			isa = XCBuildConfiguration;
			buildSettings = {
				ASSETCATALOG_COMPILER_APPICON_NAME = AppIcon;
				CODE_SIGN_STYLE = Automatic;
				DEVELOPMENT_ASSET_PATHS = "UIDesignDemo/Preview\\ Content";
				DEVELOPMENT_TEAM = X74A69AXHU;
				ENABLE_PREVIEWS = YES;
				INFOPLIST_FILE = UIDesignDemo/Info.plist;
				LD_RUNPATH_SEARCH_PATHS = (
					"$(inherited)",
					"@executable_path/Frameworks",
				);
				PRODUCT_BUNDLE_IDENTIFIER = com.why.UIDesignDemo;
				PRODUCT_NAME = "$(TARGET_NAME)";
				SWIFT_VERSION = 5.0;
				TARGETED_DEVICE_FAMILY = 1;
			};
			name = Debug;
		};
		9018F7E622D72ED9001F869F /* Release */ = {
			isa = XCBuildConfiguration;
			buildSettings = {
				ASSETCATALOG_COMPILER_APPICON_NAME = AppIcon;
				CODE_SIGN_STYLE = Automatic;
				DEVELOPMENT_ASSET_PATHS = "UIDesignDemo/Preview\\ Content";
				DEVELOPMENT_TEAM = X74A69AXHU;
				ENABLE_PREVIEWS = YES;
				INFOPLIST_FILE = UIDesignDemo/Info.plist;
				LD_RUNPATH_SEARCH_PATHS = (
					"$(inherited)",
					"@executable_path/Frameworks",
				);
				PRODUCT_BUNDLE_IDENTIFIER = com.why.UIDesignDemo;
				PRODUCT_NAME = "$(TARGET_NAME)";
				SWIFT_VERSION = 5.0;
				TARGETED_DEVICE_FAMILY = 1;
			};
			name = Release;
		};
/* End XCBuildConfiguration section */

/* Begin XCConfigurationList section */
		9018F7CB22D72ED7001F869F /* Build configuration list for PBXProject "UIDesignDemo" */ = {
			isa = XCConfigurationList;
			buildConfigurations = (
				9018F7E222D72ED9001F869F /* Debug */,
				9018F7E322D72ED9001F869F /* Release */,
			);
			defaultConfigurationIsVisible = 0;
			defaultConfigurationName = Release;
		};
		9018F7E422D72ED9001F869F /* Build configuration list for PBXNativeTarget "UIDesignDemo" */ = {
			isa = XCConfigurationList;
			buildConfigurations = (
				9018F7E522D72ED9001F869F /* Debug */,
				9018F7E622D72ED9001F869F /* Release */,
			);
			defaultConfigurationIsVisible = 0;
			defaultConfigurationName = Release;
		};
/* End XCConfigurationList section */
	};
	rootObject = 9018F7C822D72ED7001F869F /* Project object */;
}
